// !$*UTF8*$!
{
	archiveVersion = 1;
	classes = {
	};
	objectVersion = 50;
	objects = {

/* Begin PBXBuildFile section */
		3009181525A223BB00AD5AEB /* bi.swift in Sources */ = {isa = PBXBuildFile; fileRef = 3009181425A223BB00AD5AEB /* bi.swift */; };
		3009181825A24A9900AD5AEB /* BicycleDetails.swift in Sources */ = {isa = PBXBuildFile; fileRef = 3009181725A24A9800AD5AEB /* BicycleDetails.swift */; };
		302C3110259DA5D1002D0A4A /* miniProjectApp.swift in Sources */ = {isa = PBXBuildFile; fileRef = 302C310F259DA5D1002D0A4A /* miniProjectApp.swift */; };
		302C3112259DA5D1002D0A4A /* ContentView.swift in Sources */ = {isa = PBXBuildFile; fileRef = 302C3111259DA5D1002D0A4A /* ContentView.swift */; };
		302C3114259DA5DC002D0A4A /* Assets.xcassets in Resources */ = {isa = PBXBuildFile; fileRef = 302C3113259DA5DC002D0A4A /* Assets.xcassets */; };
		302C3117259DA5DC002D0A4A /* Preview Assets.xcassets in Resources */ = {isa = PBXBuildFile; fileRef = 302C3116259DA5DC002D0A4A /* Preview Assets.xcassets */; };
		30E5847725A5029400A09F75 /* View#3.swift in Sources */ = {isa = PBXBuildFile; fileRef = 30E5847625A5029200A09F75 /* View#3.swift */; };
/* End PBXBuildFile section */

/* Begin PBXFileReference section */
		3009181425A223BB00AD5AEB /* bi.swift */ = {isa = PBXFileReference; lastKnownFileType = sourcecode.swift; path = bi.swift; sourceTree = "<group>"; };
		3009181725A24A9800AD5AEB /* BicycleDetails.swift */ = {isa = PBXFileReference; lastKnownFileType = sourcecode.swift; path = BicycleDetails.swift; sourceTree = "<group>"; };
		302C310C259DA5D1002D0A4A /* miniProject.app */ = {isa = PBXFileReference; explicitFileType = wrapper.application; includeInIndex = 0; path = miniProject.app; sourceTree = BUILT_PRODUCTS_DIR; };
		302C310F259DA5D1002D0A4A /* miniProjectApp.swift */ = {isa = PBXFileReference; lastKnownFileType = sourcecode.swift; path = miniProjectApp.swift; sourceTree = "<group>"; };
		302C3111259DA5D1002D0A4A /* ContentView.swift */ = {isa = PBXFileReference; lastKnownFileType = sourcecode.swift; path = ContentView.swift; sourceTree = "<group>"; };
		302C3113259DA5DC002D0A4A /* Assets.xcassets */ = {isa = PBXFileReference; lastKnownFileType = folder.assetcatalog; path = Assets.xcassets; sourceTree = "<group>"; };
		302C3116259DA5DC002D0A4A /* Preview Assets.xcassets */ = {isa = PBXFileReference; lastKnownFileType = folder.assetcatalog; path = "Preview Assets.xcassets"; sourceTree = "<group>"; };
		302C3118259DA5DC002D0A4A /* Info.plist */ = {isa = PBXFileReference; lastKnownFileType = text.plist.xml; path = Info.plist; sourceTree = "<group>"; };
		30E5847625A5029200A09F75 /* View#3.swift */ = {isa = PBXFileReference; lastKnownFileType = sourcecode.swift; path = "View#3.swift"; sourceTree = "<group>"; };
/* End PBXFileReference section */

/* Begin PBXFrameworksBuildPhase section */
		302C3109259DA5D1002D0A4A /* Frameworks */ = {
			isa = PBXFrameworksBuildPhase;
			buildActionMask = 2147483647;
			files = (
			);
			runOnlyForDeploymentPostprocessing = 0;
		};
/* End PBXFrameworksBuildPhase section */

/* Begin PBXGroup section */
		3009181325A2238F00AD5AEB /* models */ = {
			isa = PBXGroup;
			children = (
				3009181425A223BB00AD5AEB /* bi.swift */,
			);
			path = models;
			sourceTree = "<group>";
		};
		302C3103259DA5D0002D0A4A = {
			isa = PBXGroup;
			children = (
				302C310E259DA5D1002D0A4A /* miniProject */,
				302C310D259DA5D1002D0A4A /* Products */,
			);
			sourceTree = "<group>";
		};
		302C310D259DA5D1002D0A4A /* Products */ = {
			isa = PBXGroup;
			children = (
				302C310C259DA5D1002D0A4A /* miniProject.app */,
			);
			name = Products;
			sourceTree = "<group>";
		};
		302C310E259DA5D1002D0A4A /* miniProject */ = {
			isa = PBXGroup;
			children = (
				3009181325A2238F00AD5AEB /* models */,
				302C310F259DA5D1002D0A4A /* miniProjectApp.swift */,
				302C3111259DA5D1002D0A4A /* ContentView.swift */,
				3009181725A24A9800AD5AEB /* BicycleDetails.swift */,
				30E5847625A5029200A09F75 /* View#3.swift */,
				302C3113259DA5DC002D0A4A /* Assets.xcassets */,
				302C3118259DA5DC002D0A4A /* Info.plist */,
				302C3115259DA5DC002D0A4A /* Preview Content */,
			);
			path = miniProject;
			sourceTree = "<group>";
		};
		302C3115259DA5DC002D0A4A /* Preview Content */ = {
			isa = PBXGroup;
			children = (
				302C3116259DA5DC002D0A4A /* Preview Assets.xcassets */,
			);
			path = "Preview Content";
			sourceTree = "<group>";
		};
/* End PBXGroup section */

/* Begin PBXNativeTarget section */
		302C310B259DA5D1002D0A4A /* miniProject */ = {
			isa = PBXNativeTarget;
			buildConfigurationList = 302C311B259DA5DC002D0A4A /* Build configuration list for PBXNativeTarget "miniProject" */;
			buildPhases = (
				302C3108259DA5D1002D0A4A /* Sources */,
				302C3109259DA5D1002D0A4A /* Frameworks */,
				302C310A259DA5D1002D0A4A /* Resources */,
			);
			buildRules = (
			);
			dependencies = (
			);
			name = miniProject;
			productName = miniProject;
			productReference = 302C310C259DA5D1002D0A4A /* miniProject.app */;
			productType = "com.apple.product-type.application";
		};
/* End PBXNativeTarget section */

/* Begin PBXProject section */
		302C3104259DA5D0002D0A4A /* Project object */ = {
			isa = PBXProject;
			attributes = {
				LastSwiftUpdateCheck = 1230;
				LastUpgradeCheck = 1230;
				TargetAttributes = {
					302C310B259DA5D1002D0A4A = {
						CreatedOnToolsVersion = 12.3;
					};
				};
			};
			buildConfigurationList = 302C3107259DA5D1002D0A4A /* Build configuration list for PBXProject "miniProject" */;
			compatibilityVersion = "Xcode 9.3";
			developmentRegion = en;
			hasScannedForEncodings = 0;
			knownRegions = (
				en,
				Base,
			);
			mainGroup = 302C3103259DA5D0002D0A4A;
			productRefGroup = 302C310D259DA5D1002D0A4A /* Products */;
			projectDirPath = "";
			projectRoot = "";
			targets = (
				302C310B259DA5D1002D0A4A /* miniProject */,
			);
		};
/* End PBXProject section */

/* Begin PBXResourcesBuildPhase section */
		302C310A259DA5D1002D0A4A /* Resources */ = {
			isa = PBXResourcesBuildPhase;
			buildActionMask = 2147483647;
			files = (
				302C3117259DA5DC002D0A4A /* Preview Assets.xcassets in Resources */,
				302C3114259DA5DC002D0A4A /* Assets.xcassets in Resources */,
			);
			runOnlyForDeploymentPostprocessing = 0;
		};
/* End PBXResourcesBuildPhase section */

/* Begin PBXSourcesBuildPhase section */
		302C3108259DA5D1002D0A4A /* Sources */ = {
			isa = PBXSourcesBuildPhase;
			buildActionMask = 2147483647;
			files = (
				3009181825A24A9900AD5AEB /* BicycleDetails.swift in Sources */,
				302C3112259DA5D1002D0A4A /* ContentView.swift in Sources */,
				3009181525A223BB00AD5AEB /* bi.swift in Sources */,
				302C3110259DA5D1002D0A4A /* miniProjectApp.swift in Sources */,
				30E5847725A5029400A09F75 /* View#3.swift in Sources */,
			);
			runOnlyForDeploymentPostprocessing = 0;
		};
/* End PBXSourcesBuildPhase section */

/* Begin XCBuildConfiguration section */
		302C3119259DA5DC002D0A4A /* Debug */ = {
			isa = XCBuildConfiguration;
			buildSettings = {
				ALWAYS_SEARCH_USER_PATHS = NO;
				CLANG_ANALYZER_NONNULL = YES;
				CLANG_ANALYZER_NUMBER_OBJECT_CONVERSION = YES_AGGRESSIVE;
				CLANG_CXX_LANGUAGE_STANDARD = "gnu++14";
				CLANG_CXX_LIBRARY = "libc++";
				CLANG_ENABLE_MODULES = YES;
				CLANG_ENABLE_OBJC_ARC = YES;
				CLANG_ENABLE_OBJC_WEAK = YES;
				CLANG_WARN_BLOCK_CAPTURE_AUTORELEASING = YES;
				CLANG_WARN_BOOL_CONVERSION = YES;
				CLANG_WARN_COMMA = YES;
				CLANG_WARN_CONSTANT_CONVERSION = YES;
				CLANG_WARN_DEPRECATED_OBJC_IMPLEMENTATIONS = YES;
				CLANG_WARN_DIRECT_OBJC_ISA_USAGE = YES_ERROR;
				CLANG_WARN_DOCUMENTATION_COMMENTS = YES;
				CLANG_WARN_EMPTY_BODY = YES;
				CLANG_WARN_ENUM_CONVERSION = YES;
				CLANG_WARN_INFINITE_RECURSION = YES;
				CLANG_WARN_INT_CONVERSION = YES;
				CLANG_WARN_NON_LITERAL_NULL_CONVERSION = YES;
				CLANG_WARN_OBJC_IMPLICIT_RETAIN_SELF = YES;
				CLANG_WARN_OBJC_LITERAL_CONVERSION = YES;
				CLANG_WARN_OBJC_ROOT_CLASS = YES_ERROR;
				CLANG_WARN_QUOTED_INCLUDE_IN_FRAMEWORK_HEADER = YES;
				CLANG_WARN_RANGE_LOOP_ANALYSIS = YES;
				CLANG_WARN_STRICT_PROTOTYPES = YES;
				CLANG_WARN_SUSPICIOUS_MOVE = YES;
				CLANG_WARN_UNGUARDED_AVAILABILITY = YES_AGGRESSIVE;
				CLANG_WARN_UNREACHABLE_CODE = YES;
				CLANG_WARN__DUPLICATE_METHOD_MATCH = YES;
				COPY_PHASE_STRIP = NO;
				DEBUG_INFORMATION_FORMAT = dwarf;
				ENABLE_STRICT_OBJC_MSGSEND = YES;
				ENABLE_TESTABILITY = YES;
				GCC_C_LANGUAGE_STANDARD = gnu11;
				GCC_DYNAMIC_NO_PIC = NO;
				GCC_NO_COMMON_BLOCKS = YES;
				GCC_OPTIMIZATION_LEVEL = 0;
				GCC_PREPROCESSOR_DEFINITIONS = (
					"DEBUG=1",
					"$(inherited)",
				);
				GCC_WARN_64_TO_32_BIT_CONVERSION = YES;
				GCC_WARN_ABOUT_RETURN_TYPE = YES_ERROR;
				GCC_WARN_UNDECLARED_SELECTOR = YES;
				GCC_WARN_UNINITIALIZED_AUTOS = YES_AGGRESSIVE;
				GCC_WARN_UNUSED_FUNCTION = YES;
				GCC_WARN_UNUSED_VARIABLE = YES;
				IPHONEOS_DEPLOYMENT_TARGET = 14.3;
				MTL_ENABLE_DEBUG_INFO = INCLUDE_SOURCE;
				MTL_FAST_MATH = YES;
				ONLY_ACTIVE_ARCH = YES;
				SDKROOT = iphoneos;
				SWIFT_ACTIVE_COMPILATION_CONDITIONS = DEBUG;
				SWIFT_OPTIMIZATION_LEVEL = "-Onone";
			};
			name = Debug;
		};
		302C311A259DA5DC002D0A4A /* Release */ = {
			isa = XCBuildConfiguration;
			buildSettings = {
				ALWAYS_SEARCH_USER_PATHS = NO;
				CLANG_ANALYZER_NONNULL = YES;
				CLANG_ANALYZER_NUMBER_OBJECT_CONVERSION = YES_AGGRESSIVE;
				CLANG_CXX_LANGUAGE_STANDARD = "gnu++14";
				CLANG_CXX_LIBRARY = "libc++";
				CLANG_ENABLE_MODULES = YES;
				CLANG_ENABLE_OBJC_ARC = YES;
				CLANG_ENABLE_OBJC_WEAK = YES;
				CLANG_WARN_BLOCK_CAPTURE_AUTORELEASING = YES;
				CLANG_WARN_BOOL_CONVERSION = YES;
				CLANG_WARN_COMMA = YES;
				CLANG_WARN_CONSTANT_CONVERSION = YES;
				CLANG_WARN_DEPRECATED_OBJC_IMPLEMENTATIONS = YES;
				CLANG_WARN_DIRECT_OBJC_ISA_USAGE = YES_ERROR;
				CLANG_WARN_DOCUMENTATION_COMMENTS = YES;
				CLANG_WARN_EMPTY_BODY = YES;
				CLANG_WARN_ENUM_CONVERSION = YES;
				CLANG_WARN_INFINITE_RECURSION = YES;
				CLANG_WARN_INT_CONVERSION = YES;
				CLANG_WARN_NON_LITERAL_NULL_CONVERSION = YES;
				CLANG_WARN_OBJC_IMPLICIT_RETAIN_SELF = YES;
				CLANG_WARN_OBJC_LITERAL_CONVERSION = YES;
				CLANG_WARN_OBJC_ROOT_CLASS = YES_ERROR;
				CLANG_WARN_QUOTED_INCLUDE_IN_FRAMEWORK_HEADER = YES;
				CLANG_WARN_RANGE_LOOP_ANALYSIS = YES;
				CLANG_WARN_STRICT_PROTOTYPES = YES;
				CLANG_WARN_SUSPICIOUS_MOVE = YES;
				CLANG_WARN_UNGUARDED_AVAILABILITY = YES_AGGRESSIVE;
				CLANG_WARN_UNREACHABLE_CODE = YES;
				CLANG_WARN__DUPLICATE_METHOD_MATCH = YES;
				COPY_PHASE_STRIP = NO;
				DEBUG_INFORMATION_FORMAT = "dwarf-with-dsym";
				ENABLE_NS_ASSERTIONS = NO;
				ENABLE_STRICT_OBJC_MSGSEND = YES;
				GCC_C_LANGUAGE_STANDARD = gnu11;
				GCC_NO_COMMON_BLOCKS = YES;
				GCC_WARN_64_TO_32_BIT_CONVERSION = YES;
				GCC_WARN_ABOUT_RETURN_TYPE = YES_ERROR;
				GCC_WARN_UNDECLARED_SELECTOR = YES;
				GCC_WARN_UNINITIALIZED_AUTOS = YES_AGGRESSIVE;
				GCC_WARN_UNUSED_FUNCTION = YES;
				GCC_WARN_UNUSED_VARIABLE = YES;
				IPHONEOS_DEPLOYMENT_TARGET = 14.3;
				MTL_ENABLE_DEBUG_INFO = NO;
				MTL_FAST_MATH = YES;
				SDKROOT = iphoneos;
				SWIFT_COMPILATION_MODE = wholemodule;
				SWIFT_OPTIMIZATION_LEVEL = "-O";
				VALIDATE_PRODUCT = YES;
			};
			name = Release;
		};
		302C311C259DA5DC002D0A4A /* Debug */ = {
			isa = XCBuildConfiguration;
			buildSettings = {
				ASSETCATALOG_COMPILER_APPICON_NAME = AppIcon;
				ASSETCATALOG_COMPILER_GLOBAL_ACCENT_COLOR_NAME = AccentColor;
				CODE_SIGN_STYLE = Automatic;
				DEVELOPMENT_ASSET_PATHS = "\"miniProject/Preview Content\"";
				ENABLE_PREVIEWS = YES;
				INFOPLIST_FILE = miniProject/Info.plist;
				IPHONEOS_DEPLOYMENT_TARGET = 14.0;
				LD_RUNPATH_SEARCH_PATHS = (
					"$(inherited)",
					"@executable_path/Frameworks",
				);
				PRODUCT_BUNDLE_IDENTIFIER = HananAD.miniProject;
				PRODUCT_NAME = "$(TARGET_NAME)";
				SWIFT_VERSION = 5.0;
				TARGETED_DEVICE_FAMILY = "1,2";
			};
			name = Debug;
		};
		302C311D259DA5DC002D0A4A /* Release */ = {
			isa = XCBuildConfiguration;
			buildSettings = {
				ASSETCATALOG_COMPILER_APPICON_NAME = AppIcon;
				ASSETCATALOG_COMPILER_GLOBAL_ACCENT_COLOR_NAME = AccentColor;
				CODE_SIGN_STYLE = Automatic;
				DEVELOPMENT_ASSET_PATHS = "\"miniProject/Preview Content\"";
				ENABLE_PREVIEWS = YES;
				INFOPLIST_FILE = miniProject/Info.plist;
				IPHONEOS_DEPLOYMENT_TARGET = 14.0;
				LD_RUNPATH_SEARCH_PATHS = (
					"$(inherited)",
					"@executable_path/Frameworks",
				);
				PRODUCT_BUNDLE_IDENTIFIER = HananAD.miniProject;
				PRODUCT_NAME = "$(TARGET_NAME)";
				SWIFT_VERSION = 5.0;
				TARGETED_DEVICE_FAMILY = "1,2";
			};
			name = Release;
		};
/* End XCBuildConfiguration section */

/* Begin XCConfigurationList section */
		302C3107259DA5D1002D0A4A /* Build configuration list for PBXProject "miniProject" */ = {
			isa = XCConfigurationList;
			buildConfigurations = (
				302C3119259DA5DC002D0A4A /* Debug */,
				302C311A259DA5DC002D0A4A /* Release */,
			);
			defaultConfigurationIsVisible = 0;
			defaultConfigurationName = Release;
		};
		302C311B259DA5DC002D0A4A /* Build configuration list for PBXNativeTarget "miniProject" */ = {
			isa = XCConfigurationList;
			buildConfigurations = (
				302C311C259DA5DC002D0A4A /* Debug */,
				302C311D259DA5DC002D0A4A /* Release */,
			);
			defaultConfigurationIsVisible = 0;
			defaultConfigurationName = Release;
		};
/* End XCConfigurationList section */
	};
	rootObject = 302C3104259DA5D0002D0A4A /* Project object */;
}
